github.com/HouzuoGuo/tiedot v0.0.0-20191112163212-3246d2a872c5 h1:gJFFV/yU82f0N1bNIL0MzH9DSTl2FJH43uj4ClHlt7s=
github.com/HouzuoGuo/tiedot v0.0.0-20191112163212-3246d2a872c5/go.mod h1:J2FcoVwTshOscfh8D4LCCVRoHJJQTeCAEkeRSVGnLQs=
github.com/SherClockHolmes/webpush-go v1.1.0 h1:WjWbwo0Bf1Cbd8Yr0myrpYYlcN7VvQz/TVmUTjxL35g=
github.com/SherClockHolmes/webpush-go v1.1.0/go.mod h1:Jbd13H6kOFZubRMAaEHQS+e0EpP/aSHtLKeo9gsyO5k=
github.com/dgrijalva/jwt-go v3.2.0+incompatible h1:7qlOGliEKZXTDg6OTjfoBKDXWrumCAMpl/TFQ4/5kLM=
github.com/dgrijalva/jwt-go v3.2.0+incompatible/go.mod h1:E3ru+11k8xSBh+hMPgOLZmtrrCbhqsmaPHjLKYnJCaQ=
github.com/gorilla/websocket v1.4.1 h1:q7AeDBpnBk8AogcD4DSag/Ukw/KV+YhzLj2bP5HvKCM=
github.com/gorilla/websocket v1.4.1/go.mod h1:YR8l580nyteQvAITg2hZ9XVh4b55+EU/adAjf1fMHhE=
github.com/olahol/melody v0.0.0-20180227134253-7bd65910e5ab h1:2fsluM+sAZRIQtvloPaokkWWjV8strYfmXsDCtZMqt0=
github.com/olahol/melody v0.0.0-20180227134253-7bd65910e5ab/go.mod h1:3lo03f1jM3KFUG/rsujuLB1rBmlvIzVM3SCqbuHqsBU=
golang.org/x/crypto v0.0.0-20190131182504-b8fe1690c613 h1:MQ/ZZiDsUapFFiMS+vzwXkCTeEKaum+Do5rINYJDmxc=
golang.org/x/crypto v0.0.0-20190131182504-b8fe1690c613/go.mod h1:6SG95UA2DQfeDnfUPMdvaQW0Q7yPrPDi9nlGo2tz2b4=
